
Microsoft Visual Studio Solution File, Format Version 12.00
# Visual Studio 15
VisualStudioVersion = 15.0.28010.0
MinimumVisualStudioVersion = 10.0.40219.1
Project("{FAE04EC0-301F-11D3-BF4B-00C04F79EFBC}") = "ImageCategorizer", "ImageCategorizer\ImageCategorizer.csproj", "{950832FA-4EED-4698-ADE3-2F7AAF555A3D}"
EndProject
Global
	GlobalSection(SolutionConfigurationPlatforms) = preSolution
		Debug|Any CPU = Debug|Any CPU
		Release|Any CPU = Release|Any CPU
	EndGlobalSection
	GlobalSection(ProjectConfigurationPlatforms) = postSolution
		{950832FA-4EED-4698-ADE3-2F7AAF555A3D}.Debug|Any CPU.ActiveCfg = Debug|Any CPU
		{950832FA-4EED-4698-ADE3-2F7AAF555A3D}.Debug|Any CPU.Build.0 = Debug|Any CPU
		{950832FA-4EED-4698-ADE3-2F7AAF555A3D}.Release|Any CPU.ActiveCfg = Release|Any CPU
		{950832FA-4EED-4698-ADE3-2F7AAF555A3D}.Release|Any CPU.Build.0 = Release|Any CPU
	EndGlobalSection
	GlobalSection(SolutionProperties) = preSolution
		HideSolutionNode = FALSE
	EndGlobalSection
	GlobalSection(ExtensibilityGlobals) = postSolution
		SolutionGuid = {7F1CCF76-708D-4630-8FEE-DB23A7AA4A93}
	EndGlobalSection
EndGlobal
